
Microsoft Visual Studio Solution File, Format Version 12.00
# Visual Studio Version 17
VisualStudioVersion = 17.10.35013.160
MinimumVisualStudioVersion = 10.0.40219.1
Project("{FAE04EC0-301F-11D3-BF4B-00C04F79EFBC}") = "Project Finals", "Project Finals\Project Finals.csproj", "{2EE3A330-5265-4EA2-8EDD-7BB6136149CF}"
EndProject
Global
	GlobalSection(SolutionConfigurationPlatforms) = preSolution
		Debug|Any CPU = Debug|Any CPU
		Release|Any CPU = Release|Any CPU
	EndGlobalSection
	GlobalSection(ProjectConfigurationPlatforms) = postSolution
		{2EE3A330-5265-4EA2-8EDD-7BB6136149CF}.Debug|Any CPU.ActiveCfg = Debug|Any CPU
		{2EE3A330-5265-4EA2-8EDD-7BB6136149CF}.Debug|Any CPU.Build.0 = Debug|Any CPU
		{2EE3A330-5265-4EA2-8EDD-7BB6136149CF}.Release|Any CPU.ActiveCfg = Release|Any CPU
		{2EE3A330-5265-4EA2-8EDD-7BB6136149CF}.Release|Any CPU.Build.0 = Release|Any CPU
	EndGlobalSection
	GlobalSection(SolutionProperties) = preSolution
		HideSolutionNode = FALSE
	EndGlobalSection
	GlobalSection(ExtensibilityGlobals) = postSolution
		SolutionGuid = {C1C8FF7C-8186-4FD3-BA2E-4DF64A1EAB93}
	EndGlobalSection
EndGlobal
